github.com/bluele/gcache v0.0.0-20171010155617-472614239ac7 h1:NpQ+gkFOH27AyDypSCJ/LdsIi/b4rdnEb1N5+IpFfYs=
github.com/bluele/gcache v0.0.0-20171010155617-472614239ac7/go.mod h1:8c4/i2VlovMO2gBnHGQPN5EJw+H0lx1u/5p+cgsXtCk=
github.com/davecgh/go-spew v1.1.0 h1:ZDRjVQ15GmhC3fiQ8ni8+OwkZQO4DARzQgrnXU1Liz8=
github.com/davecgh/go-spew v1.1.0/go.mod h1:J7Y8YcW2NihsgmVo/mv3lAwl/skON4iLHjSsI+c5H38=
github.com/deepdive7/icfg v0.1.1 h1:v17sYoKfvH2UwJyVgdAE6BPn2CBz7/SHhB1wmUAfN+M=
github.com/deepdive7/icfg v0.1.1/go.mod h1:EuN/xa5zOE/56WIkcJZ3h2rFrQGCNf8yly7qI9vg7vQ=
github.com/deepdive7/ilog v0.0.0-20181228054156-34693c3f35b6 h1:6ciyzs8VVlg8i0QRMwqnyEW1iHVEUtsjJQln650nivc=
github.com/deepdive7/ilog v0.0.0-20181228054156-34693c3f35b6/go.mod h1:Rol+n86QEFDsN5LmxItWW90V+Ha65LkVZwMSEYylDog=
github.com/deepdive7/iveil v0.0.0-20181229070012-9363743be2ae h1:2iiklOLPA4WQhVYfItv55kdDLe58qIhlqYw0krB4dnI=
github.com/deepdive7/iveil v0.0.0-20181229070012-9363743be2ae/go.mod h1:3zyRoDWyMYWkG29mZIyPIqynhKQowOCttmHHgFBrc3E=
github.com/google/uuid v1.1.0 h1:Jf4mxPC/ziBnoPIdpQdPJ9OeiomAUHLvxmPRSPH9m4s=
github.com/google/uuid v1.1.0/go.mod h1:TIyPZe4MgqvfeYDBFedMoGGpEw/LqOeaOT+nhxU+yHo=
github.com/minio/blake2b-simd v0.0.0-20160723061019-3f5f724cb5b1 h1:lYpkrQH5ajf0OXOcUbGjvZxxijuBwbbmlSxLiuofa+g=
github.com/minio/blake2b-simd v0.0.0-20160723061019-3f5f724cb5b1/go.mod h1:pD8RvIylQ358TN4wwqatJ8rNavkEINozVn9DtGI3dfQ=
github.com/pmezard/go-difflib v1.0.0 h1:4DBwDE0NGyQoBHbLQYPwSUPoCMWR5BEzIk/f1lZbAQM=
github.com/pmezard/go-difflib v1.0.0/go.mod h1:iKH77koFhYxTK1pcRnkKkqfTogsbg7gZNVY4sRDYZ/4=
github.com/stretchr/objx v0.1.0/go.mod h1:HFkY916IF+rwdDfMAkV7OtwuqBVzrE8GR6GFx+wExME=
github.com/stretchr/testify v1.3.0 h1:TivCn/peBQ7UY8ooIcPgZFpTNSz0Q2U6UrFlUfqbe0Q=
github.com/stretchr/testify v1.3.0/go.mod h1:M5WIy9Dh21IEIfnGCwXGc5bZfKNJtfHm1UVUgZn+9EI=
github.com/tidwall/gjson v1.1.3 h1:u4mspaByxY+Qk4U1QYYVzGFI8qxN/3jtEV0ZDb2vRic=
github.com/tidwall/gjson v1.1.3/go.mod h1:c/nTNbUr0E0OrXEhq1pwa8iEgc2DOt4ZZqAt1HtCkPA=
github.com/tidwall/match v1.0.1 h1:PnKP62LPNxHKTwvHHZZzdOAOCtsJTjo6dZLCwpKm5xc=
github.com/tidwall/match v1.0.1/go.mod h1:LujAq0jyVjBy028G1WhWfIzbpQfMO8bBZ6Tyb0+pL9E=
github.com/tidwall/sjson v1.0.3 h1:DeF+0LZqvIt4fKYw41aPB29ZGlvwVkHKktoXJ1YW9Y8=
github.com/tidwall/sjson v1.0.3/go.mod h1:bURseu1nuBkFpIES5cz6zBtjmYeOQmEESshn7VpF15Y=
